<?xml version="1.0" encoding="utf-8"?>
<Project ToolsVersion="4.0" xmlns="http://schemas.microsoft.com/developer/msbuild/2003">
  <ItemGroup>
    <Filter Include="Form Files">
      <UniqueIdentifier>{99349809-55BA-4b9d-BF79-8FDBB0286EB3}</UniqueIdentifier>
      <Extensions>ui</Extensions>
      <ParseFiles>false</ParseFiles>
    </Filter>
    <Filter Include="Form Files">
      <UniqueIdentifier>{99349809-55BA-4b9d-BF79-8FDBB0286EB3}</UniqueIdentifier>
      <Extensions>ui</Extensions>
      <ParseFiles>false</ParseFiles>
    </Filter>
    <Filter Include="Generated Files">
      <UniqueIdentifier>{71ED8ED8-ACB9-4CE9-BBE1-E00B30144E11}</UniqueIdentifier>
      <Extensions>cpp;c;cxx;moc;h;def;odl;idl;res;</Extensions>
    </Filter>
    <Filter Include="Generated Files">
      <UniqueIdentifier>{71ED8ED8-ACB9-4CE9-BBE1-E00B30144E11}</UniqueIdentifier>
      <Extensions>cpp;c;cxx;moc;h;def;odl;idl;res;</Extensions>
    </Filter>
    <Filter Include="Header Files">
      <UniqueIdentifier>{93995380-89BD-4b04-88EB-625FBE52EBFB}</UniqueIdentifier>
      <Extensions>h;hpp;hxx;hm;inl;inc;xsd</Extensions>
    </Filter>
    <Filter Include="Header Files">
      <UniqueIdentifier>{93995380-89BD-4b04-88EB-625FBE52EBFB}</UniqueIdentifier>
      <Extensions>h;hpp;hxx;hm;inl;inc;xsd</Extensions>
    </Filter>
    <Filter Include="Resource Files">
      <UniqueIdentifier>{D9D6E242-F8AF-46E4-B9FD-80ECBC20BA3E}</UniqueIdentifier>
      <Extensions>qrc;*</Extensions>
      <ParseFiles>false</ParseFiles>
    </Filter>
    <Filter Include="Resource Files">
      <UniqueIdentifier>{D9D6E242-F8AF-46E4-B9FD-80ECBC20BA3E}</UniqueIdentifier>
      <Extensions>qrc;*</Extensions>
      <ParseFiles>false</ParseFiles>
    </Filter>
    <Filter Include="Source Files">
      <UniqueIdentifier>{4FC737F1-C7A5-4376-A066-2A32D752A2FF}</UniqueIdentifier>
      <Extensions>cpp;c;cxx;def;odl;idl;hpj;bat;asm;asmx</Extensions>
    </Filter>
    <Filter Include="Source Files">
      <UniqueIdentifier>{4FC737F1-C7A5-4376-A066-2A32D752A2FF}</UniqueIdentifier>
      <Extensions>cpp;c;cxx;def;odl;idl;hpj;bat;asm;asmx</Extensions>
    </Filter>
    <Filter Include="Generated Files\Debug">
      <UniqueIdentifier>{b61d8d44-d6a6-414a-9ca0-250e4e936bd8}</UniqueIdentifier>
      <Extensions>cpp;moc</Extensions>
      <SourceControlFiles>False</SourceControlFiles>
    </Filter>
    <Filter Include="Generated Files\Release">
      <UniqueIdentifier>{43992038-871c-4469-bf52-193d63f3076b}</UniqueIdentifier>
      <Extensions>cpp;moc</Extensions>
      <SourceControlFiles>False</SourceControlFiles>
    </Filter>
  </ItemGroup>
  <ItemGroup>
    <ClCompile Include="src\widget\SnEditViewWidget.cc">
      <Filter>Source Files</Filter>
    </ClCompile>
    <ClCompile Include="src\SnGlobal.cc">
      <Filter>Source Files</Filter>
    </ClCompile>
    <ClCompile Include="src\core\SnIdentify.cc">
      <Filter>Source Files</Filter>
    </ClCompile>
    <ClCompile Include="src\SnMain.cc">
      <Filter>Source Files</Filter>
    </ClCompile>
    <ClCompile Include="src\widget\SnMainWindow.cc">
      <Filter>Source Files</Filter>
    </ClCompile>
    <ClCompile Include="src\SnMsgCenter.cc">
      <Filter>Source Files</Filter>
    </ClCompile>
    <ClCompile Include="src\core\SnProject.cc">
      <Filter>Source Files</Filter>
    </ClCompile>
    <ClCompile Include="src\widget\SnProjectExploreModel.cc">
      <Filter>Source Files</Filter>
    </ClCompile>
    <ClCompile Include="src\widget\SnProjectExploreWidget.cc">
      <Filter>Source Files</Filter>
    </ClCompile>
    <ClCompile Include="src\widget\SnPropertyWidget.cc">
      <Filter>Source Files</Filter>
    </ClCompile>
    <ClCompile Include="src\widget\SnResourceExploreWidget.cc">
      <Filter>Source Files</Filter>
    </ClCompile>
    <ClCompile Include="resource\ui\aboutdialog.cpp">
      <Filter>Source Files</Filter>
    </ClCompile>
    <ClCompile Include="Debug\moc_SnEditViewWidget.cpp">
      <Filter>Generated Files\Debug</Filter>
    </ClCompile>
    <ClCompile Include="Release\moc_SnEditViewWidget.cpp">
      <Filter>Generated Files\Release</Filter>
    </ClCompile>
    <ClCompile Include="Debug\moc_SnMainWindow.cpp">
      <Filter>Generated Files\Debug</Filter>
    </ClCompile>
    <ClCompile Include="Release\moc_SnMainWindow.cpp">
      <Filter>Generated Files\Release</Filter>
    </ClCompile>
    <ClCompile Include="Debug\moc_SnMsgCenter.cpp">
      <Filter>Generated Files\Debug</Filter>
    </ClCompile>
    <ClCompile Include="Release\moc_SnMsgCenter.cpp">
      <Filter>Generated Files\Release</Filter>
    </ClCompile>
    <ClCompile Include="Debug\moc_SnProjectExploreModel.cpp">
      <Filter>Generated Files\Debug</Filter>
    </ClCompile>
    <ClCompile Include="Release\moc_SnProjectExploreModel.cpp">
      <Filter>Generated Files\Release</Filter>
    </ClCompile>
    <ClCompile Include="Debug\moc_SnProjectExploreWidget.cpp">
      <Filter>Generated Files\Debug</Filter>
    </ClCompile>
    <ClCompile Include="Release\moc_SnProjectExploreWidget.cpp">
      <Filter>Generated Files\Release</Filter>
    </ClCompile>
    <ClCompile Include="Debug\moc_SnResourceExploreWidget.cpp">
      <Filter>Generated Files\Debug</Filter>
    </ClCompile>
    <ClCompile Include="Release\moc_SnResourceExploreWidget.cpp">
      <Filter>Generated Files\Release</Filter>
    </ClCompile>
    <ClCompile Include="Debug\moc_aboutdialog.cpp">
      <Filter>Generated Files\Debug</Filter>
    </ClCompile>
    <ClCompile Include="Release\moc_aboutdialog.cpp">
      <Filter>Generated Files\Release</Filter>
    </ClCompile>
    <ClCompile Include="GeneratedFiles\qrc_image.cpp">
      <Filter>Generated Files</Filter>
    </ClCompile>
    <ClCompile Include="src\util\SdRenderUtil.cc">
      <Filter>Source Files</Filter>
    </ClCompile>
    <ClCompile Include="src\util\SdUtil.cc">
      <Filter>Source Files</Filter>
    </ClCompile>
  </ItemGroup>
  <ItemGroup>
    <CustomBuild Include="src\widget\SnEditViewWidget.h">
      <Filter>Header Files</Filter>
    </CustomBuild>
    <ClInclude Include="src\SnGlobal.h">
      <Filter>Header Files</Filter>
    </ClInclude>
    <ClInclude Include="src\core\SnIdentify.h">
      <Filter>Header Files</Filter>
    </ClInclude>
    <ClInclude Include="src\SnMacros.h">
      <Filter>Header Files</Filter>
    </ClInclude>
    <CustomBuild Include="src\widget\SnMainWindow.h">
      <Filter>Header Files</Filter>
    </CustomBuild>
    <CustomBuild Include="src\SnMsgCenter.h">
      <Filter>Header Files</Filter>
    </CustomBuild>
    <ClInclude Include="src\core\SnProject.h">
      <Filter>Header Files</Filter>
    </ClInclude>
    <CustomBuild Include="src\widget\SnProjectExploreModel.h">
      <Filter>Header Files</Filter>
    </CustomBuild>
    <CustomBuild Include="src\widget\SnProjectExploreWidget.h">
      <Filter>Header Files</Filter>
    </CustomBuild>
    <ClInclude Include="src\widget\SnPropertyWidget.h">
      <Filter>Header Files</Filter>
    </ClInclude>
    <CustomBuild Include="src\widget\SnResourceExploreWidget.h">
      <Filter>Header Files</Filter>
    </CustomBuild>
    <CustomBuild Include="resource\ui\aboutdialog.h">
      <Filter>Header Files</Filter>
    </CustomBuild>
  </ItemGroup>
  <ItemGroup>
    <CustomBuild Include="resource\ui\aboutdialog.ui">
      <Filter>Form Files</Filter>
    </CustomBuild>
  </ItemGroup>
  <ItemGroup>
    <None Include="resource\qrc\icon\IDI_REDO.png">
      <Filter>Resource Files</Filter>
    </None>
    <None Include="resource\qrc\icon\IDI_UNDO.png">
      <Filter>Resource Files</Filter>
    </None>
    <None Include="resource\qrc\icon\IDI_ZOOM_IN.png">
      <Filter>Resource Files</Filter>
    </None>
    <None Include="resource\qrc\icon\IDI_ZOOM_OUT.png">
      <Filter>Resource Files</Filter>
    </None>
    <None Include="resource\qrc\icon\add.png">
      <Filter>Resource Files</Filter>
    </None>
    <None Include="resource\qrc\icon\collapse.png">
      <Filter>Resource Files</Filter>
    </None>
    <None Include="resource\qrc\icon\down.png">
      <Filter>Resource Files</Filter>
    </None>
    <None Include="resource\qrc\icon\expand.png">
      <Filter>Resource Files</Filter>
    </None>
    <None Include="resource\qrc\icon\eye_hide.png">
      <Filter>Resource Files</Filter>
    </None>
    <None Include="resource\qrc\icon\eye_show.png">
      <Filter>Resource Files</Filter>
    </None>
    <CustomBuild Include="resource\qrc\image.qrc">
      <Filter>Resource Files</Filter>
    </CustomBuild>
    <None Include="resource\qrc\icon\left_play.png">
      <Filter>Resource Files</Filter>
    </None>
    <None Include="resource\qrc\icon\new.png">
      <Filter>Resource Files</Filter>
    </None>
    <None Include="resource\qrc\icon\next_frame.png">
      <Filter>Resource Files</Filter>
    </None>
    <None Include="resource\qrc\icon\pre_frame.png">
      <Filter>Resource Files</Filter>
    </None>
    <None Include="resource\qrc\icon\remove.png">
      <Filter>Resource Files</Filter>
    </None>
    <None Include="resource\qrc\icon\right_play.png">
      <Filter>Resource Files</Filter>
    </None>
    <None Include="resource\qrc\icon\rotate.png">
      <Filter>Resource Files</Filter>
    </None>
    <None Include="resource\qrc\icon\scale.png">
      <Filter>Resource Files</Filter>
    </None>
    <None Include="resource\qrc\icon\stop.png">
      <Filter>Resource Files</Filter>
    </None>
    <None Include="resource\qrc\icon\toback.png">
      <Filter>Resource Files</Filter>
    </None>
    <None Include="resource\qrc\icon\toend.png">
      <Filter>Resource Files</Filter>
    </None>
    <None Include="resource\qrc\icon\toend_frame.png">
      <Filter>Resource Files</Filter>
    </None>
    <None Include="resource\qrc\icon\tofirst_frame.png">
      <Filter>Resource Files</Filter>
    </None>
    <None Include="resource\qrc\icon\tofront.png">
      <Filter>Resource Files</Filter>
    </None>
    <None Include="resource\qrc\icon\toup.png">
      <Filter>Resource Files</Filter>
    </None>
    <None Include="resource\qrc\icon\translate.png">
      <Filter>Resource Files</Filter>
    </None>
    <None Include="resource\qrc\icon\up.png">
      <Filter>Resource Files</Filter>
    </None>
  </ItemGroup>
  <ItemGroup>
    <ClInclude Include="GeneratedFiles\ui_aboutdialog.h">
      <Filter>Generated Files</Filter>
    </ClInclude>
    <ClInclude Include="src\util\SdCircleQueue.h">
      <Filter>Header Files</Filter>
    </ClInclude>
    <ClInclude Include="src\util\SdRenderUtil.h">
      <Filter>Header Files</Filter>
    </ClInclude>
    <ClInclude Include="src\util\SdUtil.h">
      <Filter>Header Files</Filter>
    </ClInclude>
  </ItemGroup>
</Project>