
Microsoft Visual Studio Solution File, Format Version 12.00
# Visual Studio 2012
Project("{8BC9CEB8-8B4A-11D0-8D11-00A0C91BC942}") = "FScene-Designer", "FScene-Designer.vcxproj", "{1F577379-E027-3D54-AB12-452154082022}"
EndProject
Global
	GlobalSection(SolutionConfigurationPlatforms) = preSolution
		Debug|Win32 = Debug|Win32
		Release|Win32 = Release|Win32
	EndGlobalSection
	GlobalSection(ProjectConfigurationPlatforms) = postSolution
		{1F577379-E027-3D54-AB12-452154082022}.Debug|Win32.ActiveCfg = Debug|Win32
		{1F577379-E027-3D54-AB12-452154082022}.Debug|Win32.Build.0 = Debug|Win32
		{1F577379-E027-3D54-AB12-452154082022}.Release|Win32.ActiveCfg = Release|Win32
		{1F577379-E027-3D54-AB12-452154082022}.Release|Win32.Build.0 = Release|Win32
	EndGlobalSection
	GlobalSection(SolutionProperties) = preSolution
		HideSolutionNode = FALSE
	EndGlobalSection
EndGlobal
