
Microsoft Visual Studio Solution File, Format Version 12.00
# Visual Studio 2012
Project("{8BC9CEB8-8B4A-11D0-8D11-00A0C91BC942}") = "FSceneViewer", "FSceneViewer.vcxproj", "{836625F1-8EE8-4832-9933-ADD59D767E95}"
EndProject
Global
	GlobalSection(SolutionConfigurationPlatforms) = preSolution
		Debug|Win32 = Debug|Win32
		Release|Win32 = Release|Win32
	EndGlobalSection
	GlobalSection(ProjectConfigurationPlatforms) = postSolution
		{836625F1-8EE8-4832-9933-ADD59D767E95}.Debug|Win32.ActiveCfg = Debug|Win32
		{836625F1-8EE8-4832-9933-ADD59D767E95}.Debug|Win32.Build.0 = Debug|Win32
		{836625F1-8EE8-4832-9933-ADD59D767E95}.Release|Win32.ActiveCfg = Release|Win32
		{836625F1-8EE8-4832-9933-ADD59D767E95}.Release|Win32.Build.0 = Release|Win32
	EndGlobalSection
	GlobalSection(SolutionProperties) = preSolution
		HideSolutionNode = FALSE
	EndGlobalSection
EndGlobal
